
Microsoft Visual Studio Solution File, Format Version 12.00
# Visual Studio Version 16
VisualStudioVersion = 16.0.31424.327
MinimumVisualStudioVersion = 10.0.40219.1
Project("{FAE04EC0-301F-11D3-BF4B-00C04F79EFBC}") = "Rummy", "Rummy\Rummy.csproj", "{B42B64DE-A77E-420F-ABB9-207F32D5DB5D}"
EndProject
Project("{2150E333-8FDC-42A3-9474-1A3956D46DE8}") = "Solution Items", "Solution Items", "{0638D361-7877-4C1F-A6EC-996B6E29C3E0}"
	ProjectSection(SolutionItems) = preProject
		.editorconfig = .editorconfig
	EndProjectSection
EndProject
Global
	GlobalSection(SolutionConfigurationPlatforms) = preSolution
		Debug|Any CPU = Debug|Any CPU
		Release|Any CPU = Release|Any CPU
	EndGlobalSection
	GlobalSection(ProjectConfigurationPlatforms) = postSolution
		{B42B64DE-A77E-420F-ABB9-207F32D5DB5D}.Debug|Any CPU.ActiveCfg = Debug|Any CPU
		{B42B64DE-A77E-420F-ABB9-207F32D5DB5D}.Debug|Any CPU.Build.0 = Debug|Any CPU
		{B42B64DE-A77E-420F-ABB9-207F32D5DB5D}.Release|Any CPU.ActiveCfg = Release|Any CPU
		{B42B64DE-A77E-420F-ABB9-207F32D5DB5D}.Release|Any CPU.Build.0 = Release|Any CPU
	EndGlobalSection
	GlobalSection(SolutionProperties) = preSolution
		HideSolutionNode = FALSE
	EndGlobalSection
	GlobalSection(ExtensibilityGlobals) = postSolution
		SolutionGuid = {FA3DAC16-831C-4D65-8F77-D62FD354B4D6}
	EndGlobalSection
EndGlobal
